
Microsoft Visual Studio Solution File, Format Version 12.00
# Visual Studio Version 17
VisualStudioVersion = 17.0.31903.59
MinimumVisualStudioVersion = 10.0.40219.1
Project("{FAE04EC0-301F-11D3-BF4B-00C04F79EFBC}") = "CPS.ComplexCases.API", "CPS.ComplexCases.API\CPS.ComplexCases.API.csproj", "{D69FD4C8-C285-4AFB-AFCF-054833F0D884}"
EndProject
Project("{FAE04EC0-301F-11D3-BF4B-00C04F79EFBC}") = "CPS.ComplexCases.API.Tests", "CPS.ComplexCases.API.Tests\CPS.ComplexCases.API.Tests.csproj", "{6D1D9F8E-989B-4068-905D-BB68849458E8}"
EndProject
Project("{FAE04EC0-301F-11D3-BF4B-00C04F79EFBC}") = "CPS.ComplexCases.Egress", "CPS.ComplexCases.Egress\CPS.ComplexCases.Egress.csproj", "{BD0A2892-3CEC-4743-AB22-443BDCE2066F}"
EndProject
Project("{FAE04EC0-301F-11D3-BF4B-00C04F79EFBC}") = "CPS.ComplexCases.Egress.Tests", "CPS.ComplexCases.Egress.Tests\CPS.ComplexCases.Egress.Tests.csproj", "{438451DA-2575-4B84-BD12-02F047015DC2}"
EndProject
Project("{FAE04EC0-301F-11D3-BF4B-00C04F79EFBC}") = "CPS.ComplexCases.NetApp", "CPS.ComplexCases.NetApp\CPS.ComplexCases.NetApp.csproj", "{3C3B63D2-59BB-4FD3-AC8D-66492EF67029}"
EndProject
Project("{FAE04EC0-301F-11D3-BF4B-00C04F79EFBC}") = "CPS.ComplexCases.NetApp.Tests", "CPS.ComplexCases.NetApp.Tests\CPS.ComplexCases.NetApp.Tests.csproj", "{75C9FB18-480D-48D5-AFAD-6A3F56AA7765}"
EndProject
Project("{FAE04EC0-301F-11D3-BF4B-00C04F79EFBC}") = "CPS.ComplexCases.NetApp.WireMock", "CPS.ComplexCases.NetApp.WireMock\CPS.ComplexCases.NetApp.WireMock.csproj", "{73AF25E9-C77C-4B21-8F93-283FB316A38A}"
EndProject
Project("{FAE04EC0-301F-11D3-BF4B-00C04F79EFBC}") = "CPS.ComplexCases.NetApp.Integration", "CPS.ComplexCases.NetApp.Integration\CPS.ComplexCases.NetApp.Integration.csproj", "{64B5DA35-866D-42CE-915C-97672ED2838D}"
EndProject
Project("{FAE04EC0-301F-11D3-BF4B-00C04F79EFBC}") = "CPS.ComplexCases.Egress.WireMock", "CPS.ComplexCases.Egress.WireMock\CPS.ComplexCases.Egress.WireMock.csproj", "{C2113049-9717-4854-B3F8-065B0EFC58EB}"
EndProject
Project("{FAE04EC0-301F-11D3-BF4B-00C04F79EFBC}") = "CPS.ComplexCases.Egress.Integration", "CPS.ComplexCases.Egress.Integration\CPS.ComplexCases.Egress.Integration.csproj", "{69F184ED-ED81-4713-BEE8-F7C292EB8449}"
EndProject
Project("{FAE04EC0-301F-11D3-BF4B-00C04F79EFBC}") = "CPS.ComplexCases.DDEI", "CPS.ComplexCases.DDEI\CPS.ComplexCases.DDEI.csproj", "{6FA7188C-2A25-42AF-A6AA-887EBE1444C9}"
EndProject
Project("{FAE04EC0-301F-11D3-BF4B-00C04F79EFBC}") = "CPS.ComplexCases.DDEI.Tests", "CPS.ComplexCases.DDEI.Tests\CPS.ComplexCases.DDEI.Tests.csproj", "{209FBD6E-9026-441B-B9BC-29F2B6E98E9A}"
EndProject
Global
	GlobalSection(SolutionConfigurationPlatforms) = preSolution
		Debug|Any CPU = Debug|Any CPU
		Release|Any CPU = Release|Any CPU
	EndGlobalSection
	GlobalSection(SolutionProperties) = preSolution
		HideSolutionNode = FALSE
	EndGlobalSection
	GlobalSection(ProjectConfigurationPlatforms) = postSolution
		{D69FD4C8-C285-4AFB-AFCF-054833F0D884}.Debug|Any CPU.ActiveCfg = Debug|Any CPU
		{D69FD4C8-C285-4AFB-AFCF-054833F0D884}.Debug|Any CPU.Build.0 = Debug|Any CPU
		{D69FD4C8-C285-4AFB-AFCF-054833F0D884}.Release|Any CPU.ActiveCfg = Release|Any CPU
		{D69FD4C8-C285-4AFB-AFCF-054833F0D884}.Release|Any CPU.Build.0 = Release|Any CPU
		{6D1D9F8E-989B-4068-905D-BB68849458E8}.Debug|Any CPU.ActiveCfg = Debug|Any CPU
		{6D1D9F8E-989B-4068-905D-BB68849458E8}.Debug|Any CPU.Build.0 = Debug|Any CPU
		{6D1D9F8E-989B-4068-905D-BB68849458E8}.Release|Any CPU.ActiveCfg = Release|Any CPU
		{6D1D9F8E-989B-4068-905D-BB68849458E8}.Release|Any CPU.Build.0 = Release|Any CPU
		{BD0A2892-3CEC-4743-AB22-443BDCE2066F}.Debug|Any CPU.ActiveCfg = Debug|Any CPU
		{BD0A2892-3CEC-4743-AB22-443BDCE2066F}.Debug|Any CPU.Build.0 = Debug|Any CPU
		{BD0A2892-3CEC-4743-AB22-443BDCE2066F}.Release|Any CPU.ActiveCfg = Release|Any CPU
		{BD0A2892-3CEC-4743-AB22-443BDCE2066F}.Release|Any CPU.Build.0 = Release|Any CPU
		{438451DA-2575-4B84-BD12-02F047015DC2}.Debug|Any CPU.ActiveCfg = Debug|Any CPU
		{438451DA-2575-4B84-BD12-02F047015DC2}.Debug|Any CPU.Build.0 = Debug|Any CPU
		{438451DA-2575-4B84-BD12-02F047015DC2}.Release|Any CPU.ActiveCfg = Release|Any CPU
		{438451DA-2575-4B84-BD12-02F047015DC2}.Release|Any CPU.Build.0 = Release|Any CPU
		{3C3B63D2-59BB-4FD3-AC8D-66492EF67029}.Debug|Any CPU.ActiveCfg = Debug|Any CPU
		{3C3B63D2-59BB-4FD3-AC8D-66492EF67029}.Debug|Any CPU.Build.0 = Debug|Any CPU
		{3C3B63D2-59BB-4FD3-AC8D-66492EF67029}.Release|Any CPU.ActiveCfg = Release|Any CPU
		{3C3B63D2-59BB-4FD3-AC8D-66492EF67029}.Release|Any CPU.Build.0 = Release|Any CPU
		{75C9FB18-480D-48D5-AFAD-6A3F56AA7765}.Debug|Any CPU.ActiveCfg = Debug|Any CPU
		{75C9FB18-480D-48D5-AFAD-6A3F56AA7765}.Debug|Any CPU.Build.0 = Debug|Any CPU
		{75C9FB18-480D-48D5-AFAD-6A3F56AA7765}.Release|Any CPU.ActiveCfg = Release|Any CPU
		{75C9FB18-480D-48D5-AFAD-6A3F56AA7765}.Release|Any CPU.Build.0 = Release|Any CPU
		{73AF25E9-C77C-4B21-8F93-283FB316A38A}.Debug|Any CPU.ActiveCfg = Debug|Any CPU
		{73AF25E9-C77C-4B21-8F93-283FB316A38A}.Debug|Any CPU.Build.0 = Debug|Any CPU
		{73AF25E9-C77C-4B21-8F93-283FB316A38A}.Release|Any CPU.ActiveCfg = Release|Any CPU
		{73AF25E9-C77C-4B21-8F93-283FB316A38A}.Release|Any CPU.Build.0 = Release|Any CPU
		{64B5DA35-866D-42CE-915C-97672ED2838D}.Debug|Any CPU.ActiveCfg = Debug|Any CPU
		{64B5DA35-866D-42CE-915C-97672ED2838D}.Debug|Any CPU.Build.0 = Debug|Any CPU
		{64B5DA35-866D-42CE-915C-97672ED2838D}.Release|Any CPU.ActiveCfg = Release|Any CPU
		{64B5DA35-866D-42CE-915C-97672ED2838D}.Release|Any CPU.Build.0 = Release|Any CPU
		{C2113049-9717-4854-B3F8-065B0EFC58EB}.Debug|Any CPU.ActiveCfg = Debug|Any CPU
		{C2113049-9717-4854-B3F8-065B0EFC58EB}.Debug|Any CPU.Build.0 = Debug|Any CPU
		{C2113049-9717-4854-B3F8-065B0EFC58EB}.Release|Any CPU.ActiveCfg = Release|Any CPU
		{C2113049-9717-4854-B3F8-065B0EFC58EB}.Release|Any CPU.Build.0 = Release|Any CPU
		{69F184ED-ED81-4713-BEE8-F7C292EB8449}.Debug|Any CPU.ActiveCfg = Debug|Any CPU
		{69F184ED-ED81-4713-BEE8-F7C292EB8449}.Debug|Any CPU.Build.0 = Debug|Any CPU
		{69F184ED-ED81-4713-BEE8-F7C292EB8449}.Release|Any CPU.ActiveCfg = Release|Any CPU
		{69F184ED-ED81-4713-BEE8-F7C292EB8449}.Release|Any CPU.Build.0 = Release|Any CPU
		{6FA7188C-2A25-42AF-A6AA-887EBE1444C9}.Debug|Any CPU.ActiveCfg = Debug|Any CPU
		{6FA7188C-2A25-42AF-A6AA-887EBE1444C9}.Debug|Any CPU.Build.0 = Debug|Any CPU
		{6FA7188C-2A25-42AF-A6AA-887EBE1444C9}.Release|Any CPU.ActiveCfg = Release|Any CPU
		{6FA7188C-2A25-42AF-A6AA-887EBE1444C9}.Release|Any CPU.Build.0 = Release|Any CPU
		{209FBD6E-9026-441B-B9BC-29F2B6E98E9A}.Debug|Any CPU.ActiveCfg = Debug|Any CPU
		{209FBD6E-9026-441B-B9BC-29F2B6E98E9A}.Debug|Any CPU.Build.0 = Debug|Any CPU
		{209FBD6E-9026-441B-B9BC-29F2B6E98E9A}.Release|Any CPU.ActiveCfg = Release|Any CPU
		{209FBD6E-9026-441B-B9BC-29F2B6E98E9A}.Release|Any CPU.Build.0 = Release|Any CPU
	EndGlobalSection
EndGlobal
