
Microsoft Visual Studio Solution File, Format Version 12.00
# Visual Studio Version 17
VisualStudioVersion = 17.0.31903.59
MinimumVisualStudioVersion = 10.0.40219.1
Project("{FAE04EC0-301F-11D3-BF4B-00C04F79EFBC}") = "CPS.ComplexCases.API", "CPS.ComplexCases.API\CPS.ComplexCases.API.csproj", "{D69FD4C8-C285-4AFB-AFCF-054833F0D884}"
EndProject
Project("{FAE04EC0-301F-11D3-BF4B-00C04F79EFBC}") = "CPS.ComplexCases.API.Tests", "CPS.ComplexCases.API.Tests\CPS.ComplexCases.API.Tests.csproj", "{6D1D9F8E-989B-4068-905D-BB68849458E8}"
EndProject
Project("{FAE04EC0-301F-11D3-BF4B-00C04F79EFBC}") = "CPS.ComplexCases.Egress", "CPS.ComplexCases.Egress\CPS.ComplexCases.Egress.csproj", "{BD0A2892-3CEC-4743-AB22-443BDCE2066F}"
EndProject
Project("{FAE04EC0-301F-11D3-BF4B-00C04F79EFBC}") = "CPS.ComplexCases.Egress.Tests", "CPS.ComplexCases.Egress.Tests\CPS.ComplexCases.Egress.Tests.csproj", "{438451DA-2575-4B84-BD12-02F047015DC2}"
EndProject
Project("{FAE04EC0-301F-11D3-BF4B-00C04F79EFBC}") = "CPS.ComplexCases.NetApp", "CPS.ComplexCases.NetApp\CPS.ComplexCases.NetApp.csproj", "{3C3B63D2-59BB-4FD3-AC8D-66492EF67029}"
EndProject
Project("{FAE04EC0-301F-11D3-BF4B-00C04F79EFBC}") = "CPS.ComplexCases.NetApp.Tests", "CPS.ComplexCases.NetApp.Tests\CPS.ComplexCases.NetApp.Tests.csproj", "{75C9FB18-480D-48D5-AFAD-6A3F56AA7765}"
EndProject
Project("{FAE04EC0-301F-11D3-BF4B-00C04F79EFBC}") = "CPS.ComplexCases.NetApp.WireMock", "CPS.ComplexCases.NetApp.WireMock\CPS.ComplexCases.NetApp.WireMock.csproj", "{73AF25E9-C77C-4B21-8F93-283FB316A38A}"
EndProject
Project("{FAE04EC0-301F-11D3-BF4B-00C04F79EFBC}") = "CPS.ComplexCases.Egress.WireMock", "CPS.ComplexCases.Egress.WireMock\CPS.ComplexCases.Egress.WireMock.csproj", "{C2113049-9717-4854-B3F8-065B0EFC58EB}"
EndProject
Project("{FAE04EC0-301F-11D3-BF4B-00C04F79EFBC}") = "CPS.ComplexCases.WireMock", "CPS.ComplexCases.WireMock\CPS.ComplexCases.WireMock.csproj", "{049640DE-3D49-4310-8572-8A6FBBA56B94}"
EndProject
Project("{FAE04EC0-301F-11D3-BF4B-00C04F79EFBC}") = "CPS.ComplexCases.DDEI", "CPS.ComplexCases.DDEI\CPS.ComplexCases.DDEI.csproj", "{6FA7188C-2A25-42AF-A6AA-887EBE1444C9}"
EndProject
Project("{FAE04EC0-301F-11D3-BF4B-00C04F79EFBC}") = "CPS.ComplexCases.DDEI.Tests", "CPS.ComplexCases.DDEI.Tests\CPS.ComplexCases.DDEI.Tests.csproj", "{209FBD6E-9026-441B-B9BC-29F2B6E98E9A}"
EndProject
Project("{FAE04EC0-301F-11D3-BF4B-00C04F79EFBC}") = "CPS.ComplexCases.WireMock.Core", "CPS.ComplexCases.WireMock.Core\CPS.ComplexCases.WireMock.Core.csproj", "{D582A8FF-5787-43EA-BF77-2422761FDFEA}"
EndProject
Project("{FAE04EC0-301F-11D3-BF4B-00C04F79EFBC}") = "CPS.ComplexCases.API.HttpTelemetry", "CPS.ComplexCases.API.HttpTelemetry\CPS.ComplexCases.API.HttpTelemetry.csproj", "{8457B92D-EB5F-47E6-B8DF-E004371E5B66}"
EndProject
Project("{FAE04EC0-301F-11D3-BF4B-00C04F79EFBC}") = "CPS.ComplexCases.DDEI.WireMock", "CPS.ComplexCases.DDEI.WireMock\CPS.ComplexCases.DDEI.WireMock.csproj", "{5F1255D8-4BBC-45E9-8F98-25FE645F783F}"
EndProject
Project("{FAE04EC0-301F-11D3-BF4B-00C04F79EFBC}") = "CPS.ComplexCases.Data", "CPS.ComplexCases.Data\CPS.ComplexCases.Data.csproj", "{0840D01B-9FD4-449D-978E-D2D2A20F6B43}"
EndProject
Project("{FAE04EC0-301F-11D3-BF4B-00C04F79EFBC}") = "Cps.ComplexCases.Data.Tests", "Cps.ComplexCases.Data.Tests\Cps.ComplexCases.Data.Tests.csproj", "{C7C18A33-63E6-4328-A797-A63E1E8AC4AE}"
EndProject
Project("{FAE04EC0-301F-11D3-BF4B-00C04F79EFBC}") = "Cps.ComplexCases.FileTransfer.API", "Cps.ComplexCases.FileTransfer.API\Cps.ComplexCases.FileTransfer.API.csproj", "{2AB42ECB-023D-4672-A1D5-3EA7C8D06AF0}"
EndProject
Project("{FAE04EC0-301F-11D3-BF4B-00C04F79EFBC}") = "Cps.ComplexCases.Common", "Cps.ComplexCases.Common\Cps.ComplexCases.Common.csproj", "{E5F989FE-B776-4679-B63C-4CACEA0DE7EB}"
EndProject
Project("{FAE04EC0-301F-11D3-BF4B-00C04F79EFBC}") = "CPS.ComplexCases.ActivityLog", "CPS.ComplexCases.ActivityLog\CPS.ComplexCases.ActivityLog.csproj", "{D9F393F3-E67C-4FBA-878C-F8C22F2DE748}"
EndProject
Project("{FAE04EC0-301F-11D3-BF4B-00C04F79EFBC}") = "CPS.ComplexCases.ActivityLog.Tests", "CPS.ComplexCases.ActivityLog.Tests\CPS.ComplexCases.ActivityLog.Tests.csproj", "{3D0740F7-46C4-4330-B4B0-58A41EE1401C}"
EndProject
Project("{FAE04EC0-301F-11D3-BF4B-00C04F79EFBC}") = "CPS.ComplexCases.Common.Tests", "CPS.ComplexCases.Common.Tests\CPS.ComplexCases.Common.Tests.csproj", "{1C764767-16D2-4C01-8556-302F4E103B08}"
EndProject
Project("{FAE04EC0-301F-11D3-BF4B-00C04F79EFBC}") = "CPS.ComplexCases.FileTransfer.API.Tests", "CPS.ComplexCases.FileTransfer.API.Tests\CPS.ComplexCases.FileTransfer.API.Tests.csproj", "{90E65C97-F7AF-4A67-9C22-CD1191CAA40A}"
EndProject
Global
	GlobalSection(SolutionConfigurationPlatforms) = preSolution
		Debug|Any CPU = Debug|Any CPU
		Debug|x64 = Debug|x64
		Debug|x86 = Debug|x86
		Release|Any CPU = Release|Any CPU
		Release|x64 = Release|x64
		Release|x86 = Release|x86
	EndGlobalSection
	GlobalSection(ProjectConfigurationPlatforms) = postSolution
		{D69FD4C8-C285-4AFB-AFCF-054833F0D884}.Debug|Any CPU.ActiveCfg = Debug|Any CPU
		{D69FD4C8-C285-4AFB-AFCF-054833F0D884}.Debug|Any CPU.Build.0 = Debug|Any CPU
		{D69FD4C8-C285-4AFB-AFCF-054833F0D884}.Debug|x64.ActiveCfg = Debug|Any CPU
		{D69FD4C8-C285-4AFB-AFCF-054833F0D884}.Debug|x64.Build.0 = Debug|Any CPU
		{D69FD4C8-C285-4AFB-AFCF-054833F0D884}.Debug|x86.ActiveCfg = Debug|Any CPU
		{D69FD4C8-C285-4AFB-AFCF-054833F0D884}.Debug|x86.Build.0 = Debug|Any CPU
		{D69FD4C8-C285-4AFB-AFCF-054833F0D884}.Release|Any CPU.ActiveCfg = Release|Any CPU
		{D69FD4C8-C285-4AFB-AFCF-054833F0D884}.Release|Any CPU.Build.0 = Release|Any CPU
		{D69FD4C8-C285-4AFB-AFCF-054833F0D884}.Release|x64.ActiveCfg = Release|Any CPU
		{D69FD4C8-C285-4AFB-AFCF-054833F0D884}.Release|x64.Build.0 = Release|Any CPU
		{D69FD4C8-C285-4AFB-AFCF-054833F0D884}.Release|x86.ActiveCfg = Release|Any CPU
		{D69FD4C8-C285-4AFB-AFCF-054833F0D884}.Release|x86.Build.0 = Release|Any CPU
		{6D1D9F8E-989B-4068-905D-BB68849458E8}.Debug|Any CPU.ActiveCfg = Debug|Any CPU
		{6D1D9F8E-989B-4068-905D-BB68849458E8}.Debug|Any CPU.Build.0 = Debug|Any CPU
		{6D1D9F8E-989B-4068-905D-BB68849458E8}.Debug|x64.ActiveCfg = Debug|Any CPU
		{6D1D9F8E-989B-4068-905D-BB68849458E8}.Debug|x64.Build.0 = Debug|Any CPU
		{6D1D9F8E-989B-4068-905D-BB68849458E8}.Debug|x86.ActiveCfg = Debug|Any CPU
		{6D1D9F8E-989B-4068-905D-BB68849458E8}.Debug|x86.Build.0 = Debug|Any CPU
		{6D1D9F8E-989B-4068-905D-BB68849458E8}.Release|Any CPU.ActiveCfg = Release|Any CPU
		{6D1D9F8E-989B-4068-905D-BB68849458E8}.Release|Any CPU.Build.0 = Release|Any CPU
		{6D1D9F8E-989B-4068-905D-BB68849458E8}.Release|x64.ActiveCfg = Release|Any CPU
		{6D1D9F8E-989B-4068-905D-BB68849458E8}.Release|x64.Build.0 = Release|Any CPU
		{6D1D9F8E-989B-4068-905D-BB68849458E8}.Release|x86.ActiveCfg = Release|Any CPU
		{6D1D9F8E-989B-4068-905D-BB68849458E8}.Release|x86.Build.0 = Release|Any CPU
		{BD0A2892-3CEC-4743-AB22-443BDCE2066F}.Debug|Any CPU.ActiveCfg = Debug|Any CPU
		{BD0A2892-3CEC-4743-AB22-443BDCE2066F}.Debug|Any CPU.Build.0 = Debug|Any CPU
		{BD0A2892-3CEC-4743-AB22-443BDCE2066F}.Debug|x64.ActiveCfg = Debug|Any CPU
		{BD0A2892-3CEC-4743-AB22-443BDCE2066F}.Debug|x64.Build.0 = Debug|Any CPU
		{BD0A2892-3CEC-4743-AB22-443BDCE2066F}.Debug|x86.ActiveCfg = Debug|Any CPU
		{BD0A2892-3CEC-4743-AB22-443BDCE2066F}.Debug|x86.Build.0 = Debug|Any CPU
		{BD0A2892-3CEC-4743-AB22-443BDCE2066F}.Release|Any CPU.ActiveCfg = Release|Any CPU
		{BD0A2892-3CEC-4743-AB22-443BDCE2066F}.Release|Any CPU.Build.0 = Release|Any CPU
		{BD0A2892-3CEC-4743-AB22-443BDCE2066F}.Release|x64.ActiveCfg = Release|Any CPU
		{BD0A2892-3CEC-4743-AB22-443BDCE2066F}.Release|x64.Build.0 = Release|Any CPU
		{BD0A2892-3CEC-4743-AB22-443BDCE2066F}.Release|x86.ActiveCfg = Release|Any CPU
		{BD0A2892-3CEC-4743-AB22-443BDCE2066F}.Release|x86.Build.0 = Release|Any CPU
		{438451DA-2575-4B84-BD12-02F047015DC2}.Debug|Any CPU.ActiveCfg = Debug|Any CPU
		{438451DA-2575-4B84-BD12-02F047015DC2}.Debug|Any CPU.Build.0 = Debug|Any CPU
		{438451DA-2575-4B84-BD12-02F047015DC2}.Debug|x64.ActiveCfg = Debug|Any CPU
		{438451DA-2575-4B84-BD12-02F047015DC2}.Debug|x64.Build.0 = Debug|Any CPU
		{438451DA-2575-4B84-BD12-02F047015DC2}.Debug|x86.ActiveCfg = Debug|Any CPU
		{438451DA-2575-4B84-BD12-02F047015DC2}.Debug|x86.Build.0 = Debug|Any CPU
		{438451DA-2575-4B84-BD12-02F047015DC2}.Release|Any CPU.ActiveCfg = Release|Any CPU
		{438451DA-2575-4B84-BD12-02F047015DC2}.Release|Any CPU.Build.0 = Release|Any CPU
		{438451DA-2575-4B84-BD12-02F047015DC2}.Release|x64.ActiveCfg = Release|Any CPU
		{438451DA-2575-4B84-BD12-02F047015DC2}.Release|x64.Build.0 = Release|Any CPU
		{438451DA-2575-4B84-BD12-02F047015DC2}.Release|x86.ActiveCfg = Release|Any CPU
		{438451DA-2575-4B84-BD12-02F047015DC2}.Release|x86.Build.0 = Release|Any CPU
		{3C3B63D2-59BB-4FD3-AC8D-66492EF67029}.Debug|Any CPU.ActiveCfg = Debug|Any CPU
		{3C3B63D2-59BB-4FD3-AC8D-66492EF67029}.Debug|Any CPU.Build.0 = Debug|Any CPU
		{3C3B63D2-59BB-4FD3-AC8D-66492EF67029}.Debug|x64.ActiveCfg = Debug|Any CPU
		{3C3B63D2-59BB-4FD3-AC8D-66492EF67029}.Debug|x64.Build.0 = Debug|Any CPU
		{3C3B63D2-59BB-4FD3-AC8D-66492EF67029}.Debug|x86.ActiveCfg = Debug|Any CPU
		{3C3B63D2-59BB-4FD3-AC8D-66492EF67029}.Debug|x86.Build.0 = Debug|Any CPU
		{3C3B63D2-59BB-4FD3-AC8D-66492EF67029}.Release|Any CPU.ActiveCfg = Release|Any CPU
		{3C3B63D2-59BB-4FD3-AC8D-66492EF67029}.Release|Any CPU.Build.0 = Release|Any CPU
		{3C3B63D2-59BB-4FD3-AC8D-66492EF67029}.Release|x64.ActiveCfg = Release|Any CPU
		{3C3B63D2-59BB-4FD3-AC8D-66492EF67029}.Release|x64.Build.0 = Release|Any CPU
		{3C3B63D2-59BB-4FD3-AC8D-66492EF67029}.Release|x86.ActiveCfg = Release|Any CPU
		{3C3B63D2-59BB-4FD3-AC8D-66492EF67029}.Release|x86.Build.0 = Release|Any CPU
		{75C9FB18-480D-48D5-AFAD-6A3F56AA7765}.Debug|Any CPU.ActiveCfg = Debug|Any CPU
		{75C9FB18-480D-48D5-AFAD-6A3F56AA7765}.Debug|Any CPU.Build.0 = Debug|Any CPU
		{75C9FB18-480D-48D5-AFAD-6A3F56AA7765}.Debug|x64.ActiveCfg = Debug|Any CPU
		{75C9FB18-480D-48D5-AFAD-6A3F56AA7765}.Debug|x64.Build.0 = Debug|Any CPU
		{75C9FB18-480D-48D5-AFAD-6A3F56AA7765}.Debug|x86.ActiveCfg = Debug|Any CPU
		{75C9FB18-480D-48D5-AFAD-6A3F56AA7765}.Debug|x86.Build.0 = Debug|Any CPU
		{75C9FB18-480D-48D5-AFAD-6A3F56AA7765}.Release|Any CPU.ActiveCfg = Release|Any CPU
		{75C9FB18-480D-48D5-AFAD-6A3F56AA7765}.Release|Any CPU.Build.0 = Release|Any CPU
		{75C9FB18-480D-48D5-AFAD-6A3F56AA7765}.Release|x64.ActiveCfg = Release|Any CPU
		{75C9FB18-480D-48D5-AFAD-6A3F56AA7765}.Release|x64.Build.0 = Release|Any CPU
		{75C9FB18-480D-48D5-AFAD-6A3F56AA7765}.Release|x86.ActiveCfg = Release|Any CPU
		{75C9FB18-480D-48D5-AFAD-6A3F56AA7765}.Release|x86.Build.0 = Release|Any CPU
		{73AF25E9-C77C-4B21-8F93-283FB316A38A}.Debug|Any CPU.ActiveCfg = Debug|Any CPU
		{73AF25E9-C77C-4B21-8F93-283FB316A38A}.Debug|Any CPU.Build.0 = Debug|Any CPU
		{73AF25E9-C77C-4B21-8F93-283FB316A38A}.Debug|x64.ActiveCfg = Debug|Any CPU
		{73AF25E9-C77C-4B21-8F93-283FB316A38A}.Debug|x64.Build.0 = Debug|Any CPU
		{73AF25E9-C77C-4B21-8F93-283FB316A38A}.Debug|x86.ActiveCfg = Debug|Any CPU
		{73AF25E9-C77C-4B21-8F93-283FB316A38A}.Debug|x86.Build.0 = Debug|Any CPU
		{73AF25E9-C77C-4B21-8F93-283FB316A38A}.Release|Any CPU.ActiveCfg = Release|Any CPU
		{73AF25E9-C77C-4B21-8F93-283FB316A38A}.Release|Any CPU.Build.0 = Release|Any CPU
		{73AF25E9-C77C-4B21-8F93-283FB316A38A}.Release|x64.ActiveCfg = Release|Any CPU
		{73AF25E9-C77C-4B21-8F93-283FB316A38A}.Release|x64.Build.0 = Release|Any CPU
		{73AF25E9-C77C-4B21-8F93-283FB316A38A}.Release|x86.ActiveCfg = Release|Any CPU
		{73AF25E9-C77C-4B21-8F93-283FB316A38A}.Release|x86.Build.0 = Release|Any CPU
		{C2113049-9717-4854-B3F8-065B0EFC58EB}.Debug|Any CPU.ActiveCfg = Debug|Any CPU
		{C2113049-9717-4854-B3F8-065B0EFC58EB}.Debug|Any CPU.Build.0 = Debug|Any CPU
		{C2113049-9717-4854-B3F8-065B0EFC58EB}.Debug|x64.ActiveCfg = Debug|Any CPU
		{C2113049-9717-4854-B3F8-065B0EFC58EB}.Debug|x64.Build.0 = Debug|Any CPU
		{C2113049-9717-4854-B3F8-065B0EFC58EB}.Debug|x86.ActiveCfg = Debug|Any CPU
		{C2113049-9717-4854-B3F8-065B0EFC58EB}.Debug|x86.Build.0 = Debug|Any CPU
		{C2113049-9717-4854-B3F8-065B0EFC58EB}.Release|Any CPU.ActiveCfg = Release|Any CPU
		{C2113049-9717-4854-B3F8-065B0EFC58EB}.Release|Any CPU.Build.0 = Release|Any CPU
		{C2113049-9717-4854-B3F8-065B0EFC58EB}.Release|x64.ActiveCfg = Release|Any CPU
		{C2113049-9717-4854-B3F8-065B0EFC58EB}.Release|x64.Build.0 = Release|Any CPU
		{C2113049-9717-4854-B3F8-065B0EFC58EB}.Release|x86.ActiveCfg = Release|Any CPU
		{C2113049-9717-4854-B3F8-065B0EFC58EB}.Release|x86.Build.0 = Release|Any CPU
		{049640DE-3D49-4310-8572-8A6FBBA56B94}.Debug|Any CPU.ActiveCfg = Debug|Any CPU
		{049640DE-3D49-4310-8572-8A6FBBA56B94}.Debug|Any CPU.Build.0 = Debug|Any CPU
		{049640DE-3D49-4310-8572-8A6FBBA56B94}.Debug|x64.ActiveCfg = Debug|Any CPU
		{049640DE-3D49-4310-8572-8A6FBBA56B94}.Debug|x64.Build.0 = Debug|Any CPU
		{049640DE-3D49-4310-8572-8A6FBBA56B94}.Debug|x86.ActiveCfg = Debug|Any CPU
		{049640DE-3D49-4310-8572-8A6FBBA56B94}.Debug|x86.Build.0 = Debug|Any CPU
		{049640DE-3D49-4310-8572-8A6FBBA56B94}.Release|Any CPU.ActiveCfg = Release|Any CPU
		{049640DE-3D49-4310-8572-8A6FBBA56B94}.Release|Any CPU.Build.0 = Release|Any CPU
		{049640DE-3D49-4310-8572-8A6FBBA56B94}.Release|x64.ActiveCfg = Release|Any CPU
		{049640DE-3D49-4310-8572-8A6FBBA56B94}.Release|x64.Build.0 = Release|Any CPU
		{049640DE-3D49-4310-8572-8A6FBBA56B94}.Release|x86.ActiveCfg = Release|Any CPU
		{049640DE-3D49-4310-8572-8A6FBBA56B94}.Release|x86.Build.0 = Release|Any CPU
		{6FA7188C-2A25-42AF-A6AA-887EBE1444C9}.Debug|Any CPU.ActiveCfg = Debug|Any CPU
		{6FA7188C-2A25-42AF-A6AA-887EBE1444C9}.Debug|Any CPU.Build.0 = Debug|Any CPU
		{6FA7188C-2A25-42AF-A6AA-887EBE1444C9}.Debug|x64.ActiveCfg = Debug|Any CPU
		{6FA7188C-2A25-42AF-A6AA-887EBE1444C9}.Debug|x64.Build.0 = Debug|Any CPU
		{6FA7188C-2A25-42AF-A6AA-887EBE1444C9}.Debug|x86.ActiveCfg = Debug|Any CPU
		{6FA7188C-2A25-42AF-A6AA-887EBE1444C9}.Debug|x86.Build.0 = Debug|Any CPU
		{6FA7188C-2A25-42AF-A6AA-887EBE1444C9}.Release|Any CPU.ActiveCfg = Release|Any CPU
		{6FA7188C-2A25-42AF-A6AA-887EBE1444C9}.Release|Any CPU.Build.0 = Release|Any CPU
		{6FA7188C-2A25-42AF-A6AA-887EBE1444C9}.Release|x64.ActiveCfg = Release|Any CPU
		{6FA7188C-2A25-42AF-A6AA-887EBE1444C9}.Release|x64.Build.0 = Release|Any CPU
		{6FA7188C-2A25-42AF-A6AA-887EBE1444C9}.Release|x86.ActiveCfg = Release|Any CPU
		{6FA7188C-2A25-42AF-A6AA-887EBE1444C9}.Release|x86.Build.0 = Release|Any CPU
		{209FBD6E-9026-441B-B9BC-29F2B6E98E9A}.Debug|Any CPU.ActiveCfg = Debug|Any CPU
		{209FBD6E-9026-441B-B9BC-29F2B6E98E9A}.Debug|Any CPU.Build.0 = Debug|Any CPU
		{209FBD6E-9026-441B-B9BC-29F2B6E98E9A}.Debug|x64.ActiveCfg = Debug|Any CPU
		{209FBD6E-9026-441B-B9BC-29F2B6E98E9A}.Debug|x64.Build.0 = Debug|Any CPU
		{209FBD6E-9026-441B-B9BC-29F2B6E98E9A}.Debug|x86.ActiveCfg = Debug|Any CPU
		{209FBD6E-9026-441B-B9BC-29F2B6E98E9A}.Debug|x86.Build.0 = Debug|Any CPU
		{209FBD6E-9026-441B-B9BC-29F2B6E98E9A}.Release|Any CPU.ActiveCfg = Release|Any CPU
		{209FBD6E-9026-441B-B9BC-29F2B6E98E9A}.Release|Any CPU.Build.0 = Release|Any CPU
		{209FBD6E-9026-441B-B9BC-29F2B6E98E9A}.Release|x64.ActiveCfg = Release|Any CPU
		{209FBD6E-9026-441B-B9BC-29F2B6E98E9A}.Release|x64.Build.0 = Release|Any CPU
		{209FBD6E-9026-441B-B9BC-29F2B6E98E9A}.Release|x86.ActiveCfg = Release|Any CPU
		{209FBD6E-9026-441B-B9BC-29F2B6E98E9A}.Release|x86.Build.0 = Release|Any CPU
		{D582A8FF-5787-43EA-BF77-2422761FDFEA}.Debug|Any CPU.ActiveCfg = Debug|Any CPU
		{D582A8FF-5787-43EA-BF77-2422761FDFEA}.Debug|Any CPU.Build.0 = Debug|Any CPU
		{D582A8FF-5787-43EA-BF77-2422761FDFEA}.Debug|x64.ActiveCfg = Debug|Any CPU
		{D582A8FF-5787-43EA-BF77-2422761FDFEA}.Debug|x64.Build.0 = Debug|Any CPU
		{D582A8FF-5787-43EA-BF77-2422761FDFEA}.Debug|x86.ActiveCfg = Debug|Any CPU
		{D582A8FF-5787-43EA-BF77-2422761FDFEA}.Debug|x86.Build.0 = Debug|Any CPU
		{D582A8FF-5787-43EA-BF77-2422761FDFEA}.Release|Any CPU.ActiveCfg = Release|Any CPU
		{D582A8FF-5787-43EA-BF77-2422761FDFEA}.Release|Any CPU.Build.0 = Release|Any CPU
		{D582A8FF-5787-43EA-BF77-2422761FDFEA}.Release|x64.ActiveCfg = Release|Any CPU
		{D582A8FF-5787-43EA-BF77-2422761FDFEA}.Release|x64.Build.0 = Release|Any CPU
		{D582A8FF-5787-43EA-BF77-2422761FDFEA}.Release|x86.ActiveCfg = Release|Any CPU
		{D582A8FF-5787-43EA-BF77-2422761FDFEA}.Release|x86.Build.0 = Release|Any CPU
		{8457B92D-EB5F-47E6-B8DF-E004371E5B66}.Debug|Any CPU.ActiveCfg = Debug|Any CPU
		{8457B92D-EB5F-47E6-B8DF-E004371E5B66}.Debug|Any CPU.Build.0 = Debug|Any CPU
		{8457B92D-EB5F-47E6-B8DF-E004371E5B66}.Debug|x64.ActiveCfg = Debug|Any CPU
		{8457B92D-EB5F-47E6-B8DF-E004371E5B66}.Debug|x64.Build.0 = Debug|Any CPU
		{8457B92D-EB5F-47E6-B8DF-E004371E5B66}.Debug|x86.ActiveCfg = Debug|Any CPU
		{8457B92D-EB5F-47E6-B8DF-E004371E5B66}.Debug|x86.Build.0 = Debug|Any CPU
		{8457B92D-EB5F-47E6-B8DF-E004371E5B66}.Release|Any CPU.ActiveCfg = Release|Any CPU
		{8457B92D-EB5F-47E6-B8DF-E004371E5B66}.Release|Any CPU.Build.0 = Release|Any CPU
		{8457B92D-EB5F-47E6-B8DF-E004371E5B66}.Release|x64.ActiveCfg = Release|Any CPU
		{8457B92D-EB5F-47E6-B8DF-E004371E5B66}.Release|x64.Build.0 = Release|Any CPU
		{8457B92D-EB5F-47E6-B8DF-E004371E5B66}.Release|x86.ActiveCfg = Release|Any CPU
		{8457B92D-EB5F-47E6-B8DF-E004371E5B66}.Release|x86.Build.0 = Release|Any CPU
		{5F1255D8-4BBC-45E9-8F98-25FE645F783F}.Debug|Any CPU.ActiveCfg = Debug|Any CPU
		{5F1255D8-4BBC-45E9-8F98-25FE645F783F}.Debug|Any CPU.Build.0 = Debug|Any CPU
		{5F1255D8-4BBC-45E9-8F98-25FE645F783F}.Debug|x64.ActiveCfg = Debug|Any CPU
		{5F1255D8-4BBC-45E9-8F98-25FE645F783F}.Debug|x64.Build.0 = Debug|Any CPU
		{5F1255D8-4BBC-45E9-8F98-25FE645F783F}.Debug|x86.ActiveCfg = Debug|Any CPU
		{5F1255D8-4BBC-45E9-8F98-25FE645F783F}.Debug|x86.Build.0 = Debug|Any CPU
		{5F1255D8-4BBC-45E9-8F98-25FE645F783F}.Release|Any CPU.ActiveCfg = Release|Any CPU
		{5F1255D8-4BBC-45E9-8F98-25FE645F783F}.Release|Any CPU.Build.0 = Release|Any CPU
		{5F1255D8-4BBC-45E9-8F98-25FE645F783F}.Release|x64.ActiveCfg = Release|Any CPU
		{5F1255D8-4BBC-45E9-8F98-25FE645F783F}.Release|x64.Build.0 = Release|Any CPU
		{5F1255D8-4BBC-45E9-8F98-25FE645F783F}.Release|x86.ActiveCfg = Release|Any CPU
		{5F1255D8-4BBC-45E9-8F98-25FE645F783F}.Release|x86.Build.0 = Release|Any CPU
		{0840D01B-9FD4-449D-978E-D2D2A20F6B43}.Debug|Any CPU.ActiveCfg = Debug|Any CPU
		{0840D01B-9FD4-449D-978E-D2D2A20F6B43}.Debug|Any CPU.Build.0 = Debug|Any CPU
		{0840D01B-9FD4-449D-978E-D2D2A20F6B43}.Debug|x64.ActiveCfg = Debug|Any CPU
		{0840D01B-9FD4-449D-978E-D2D2A20F6B43}.Debug|x64.Build.0 = Debug|Any CPU
		{0840D01B-9FD4-449D-978E-D2D2A20F6B43}.Debug|x86.ActiveCfg = Debug|Any CPU
		{0840D01B-9FD4-449D-978E-D2D2A20F6B43}.Debug|x86.Build.0 = Debug|Any CPU
		{0840D01B-9FD4-449D-978E-D2D2A20F6B43}.Release|Any CPU.ActiveCfg = Release|Any CPU
		{0840D01B-9FD4-449D-978E-D2D2A20F6B43}.Release|Any CPU.Build.0 = Release|Any CPU
		{0840D01B-9FD4-449D-978E-D2D2A20F6B43}.Release|x64.ActiveCfg = Release|Any CPU
		{0840D01B-9FD4-449D-978E-D2D2A20F6B43}.Release|x64.Build.0 = Release|Any CPU
		{0840D01B-9FD4-449D-978E-D2D2A20F6B43}.Release|x86.ActiveCfg = Release|Any CPU
		{0840D01B-9FD4-449D-978E-D2D2A20F6B43}.Release|x86.Build.0 = Release|Any CPU
		{C7C18A33-63E6-4328-A797-A63E1E8AC4AE}.Debug|Any CPU.ActiveCfg = Debug|Any CPU
		{C7C18A33-63E6-4328-A797-A63E1E8AC4AE}.Debug|Any CPU.Build.0 = Debug|Any CPU
		{C7C18A33-63E6-4328-A797-A63E1E8AC4AE}.Debug|x64.ActiveCfg = Debug|Any CPU
		{C7C18A33-63E6-4328-A797-A63E1E8AC4AE}.Debug|x64.Build.0 = Debug|Any CPU
		{C7C18A33-63E6-4328-A797-A63E1E8AC4AE}.Debug|x86.ActiveCfg = Debug|Any CPU
		{C7C18A33-63E6-4328-A797-A63E1E8AC4AE}.Debug|x86.Build.0 = Debug|Any CPU
		{C7C18A33-63E6-4328-A797-A63E1E8AC4AE}.Release|Any CPU.ActiveCfg = Release|Any CPU
		{C7C18A33-63E6-4328-A797-A63E1E8AC4AE}.Release|Any CPU.Build.0 = Release|Any CPU
		{C7C18A33-63E6-4328-A797-A63E1E8AC4AE}.Release|x64.ActiveCfg = Release|Any CPU
		{C7C18A33-63E6-4328-A797-A63E1E8AC4AE}.Release|x64.Build.0 = Release|Any CPU
		{C7C18A33-63E6-4328-A797-A63E1E8AC4AE}.Release|x86.ActiveCfg = Release|Any CPU
		{C7C18A33-63E6-4328-A797-A63E1E8AC4AE}.Release|x86.Build.0 = Release|Any CPU
		{2AB42ECB-023D-4672-A1D5-3EA7C8D06AF0}.Debug|Any CPU.ActiveCfg = Debug|Any CPU
		{2AB42ECB-023D-4672-A1D5-3EA7C8D06AF0}.Debug|Any CPU.Build.0 = Debug|Any CPU
		{2AB42ECB-023D-4672-A1D5-3EA7C8D06AF0}.Debug|x64.ActiveCfg = Debug|Any CPU
		{2AB42ECB-023D-4672-A1D5-3EA7C8D06AF0}.Debug|x64.Build.0 = Debug|Any CPU
		{2AB42ECB-023D-4672-A1D5-3EA7C8D06AF0}.Debug|x86.ActiveCfg = Debug|Any CPU
		{2AB42ECB-023D-4672-A1D5-3EA7C8D06AF0}.Debug|x86.Build.0 = Debug|Any CPU
		{2AB42ECB-023D-4672-A1D5-3EA7C8D06AF0}.Release|Any CPU.ActiveCfg = Release|Any CPU
		{2AB42ECB-023D-4672-A1D5-3EA7C8D06AF0}.Release|Any CPU.Build.0 = Release|Any CPU
		{2AB42ECB-023D-4672-A1D5-3EA7C8D06AF0}.Release|x64.ActiveCfg = Release|Any CPU
		{2AB42ECB-023D-4672-A1D5-3EA7C8D06AF0}.Release|x64.Build.0 = Release|Any CPU
		{2AB42ECB-023D-4672-A1D5-3EA7C8D06AF0}.Release|x86.ActiveCfg = Release|Any CPU
		{2AB42ECB-023D-4672-A1D5-3EA7C8D06AF0}.Release|x86.Build.0 = Release|Any CPU
		{E5F989FE-B776-4679-B63C-4CACEA0DE7EB}.Debug|Any CPU.ActiveCfg = Debug|Any CPU
		{E5F989FE-B776-4679-B63C-4CACEA0DE7EB}.Debug|Any CPU.Build.0 = Debug|Any CPU
		{E5F989FE-B776-4679-B63C-4CACEA0DE7EB}.Debug|x64.ActiveCfg = Debug|Any CPU
		{E5F989FE-B776-4679-B63C-4CACEA0DE7EB}.Debug|x64.Build.0 = Debug|Any CPU
		{E5F989FE-B776-4679-B63C-4CACEA0DE7EB}.Debug|x86.ActiveCfg = Debug|Any CPU
		{E5F989FE-B776-4679-B63C-4CACEA0DE7EB}.Debug|x86.Build.0 = Debug|Any CPU
		{E5F989FE-B776-4679-B63C-4CACEA0DE7EB}.Release|Any CPU.ActiveCfg = Release|Any CPU
		{E5F989FE-B776-4679-B63C-4CACEA0DE7EB}.Release|Any CPU.Build.0 = Release|Any CPU
		{E5F989FE-B776-4679-B63C-4CACEA0DE7EB}.Release|x64.ActiveCfg = Release|Any CPU
		{E5F989FE-B776-4679-B63C-4CACEA0DE7EB}.Release|x64.Build.0 = Release|Any CPU
		{E5F989FE-B776-4679-B63C-4CACEA0DE7EB}.Release|x86.ActiveCfg = Release|Any CPU
		{E5F989FE-B776-4679-B63C-4CACEA0DE7EB}.Release|x86.Build.0 = Release|Any CPU
		{D9F393F3-E67C-4FBA-878C-F8C22F2DE748}.Debug|Any CPU.ActiveCfg = Debug|Any CPU
		{D9F393F3-E67C-4FBA-878C-F8C22F2DE748}.Debug|Any CPU.Build.0 = Debug|Any CPU
		{D9F393F3-E67C-4FBA-878C-F8C22F2DE748}.Debug|x64.ActiveCfg = Debug|Any CPU
		{D9F393F3-E67C-4FBA-878C-F8C22F2DE748}.Debug|x64.Build.0 = Debug|Any CPU
		{D9F393F3-E67C-4FBA-878C-F8C22F2DE748}.Debug|x86.ActiveCfg = Debug|Any CPU
		{D9F393F3-E67C-4FBA-878C-F8C22F2DE748}.Debug|x86.Build.0 = Debug|Any CPU
		{D9F393F3-E67C-4FBA-878C-F8C22F2DE748}.Release|Any CPU.ActiveCfg = Release|Any CPU
		{D9F393F3-E67C-4FBA-878C-F8C22F2DE748}.Release|Any CPU.Build.0 = Release|Any CPU
		{D9F393F3-E67C-4FBA-878C-F8C22F2DE748}.Release|x64.ActiveCfg = Release|Any CPU
		{D9F393F3-E67C-4FBA-878C-F8C22F2DE748}.Release|x64.Build.0 = Release|Any CPU
		{D9F393F3-E67C-4FBA-878C-F8C22F2DE748}.Release|x86.ActiveCfg = Release|Any CPU
		{D9F393F3-E67C-4FBA-878C-F8C22F2DE748}.Release|x86.Build.0 = Release|Any CPU
		{3D0740F7-46C4-4330-B4B0-58A41EE1401C}.Debug|Any CPU.ActiveCfg = Debug|Any CPU
		{3D0740F7-46C4-4330-B4B0-58A41EE1401C}.Debug|Any CPU.Build.0 = Debug|Any CPU
		{3D0740F7-46C4-4330-B4B0-58A41EE1401C}.Debug|x64.ActiveCfg = Debug|Any CPU
		{3D0740F7-46C4-4330-B4B0-58A41EE1401C}.Debug|x64.Build.0 = Debug|Any CPU
		{3D0740F7-46C4-4330-B4B0-58A41EE1401C}.Debug|x86.ActiveCfg = Debug|Any CPU
		{3D0740F7-46C4-4330-B4B0-58A41EE1401C}.Debug|x86.Build.0 = Debug|Any CPU
		{3D0740F7-46C4-4330-B4B0-58A41EE1401C}.Release|Any CPU.ActiveCfg = Release|Any CPU
		{3D0740F7-46C4-4330-B4B0-58A41EE1401C}.Release|Any CPU.Build.0 = Release|Any CPU
		{3D0740F7-46C4-4330-B4B0-58A41EE1401C}.Release|x64.ActiveCfg = Release|Any CPU
		{3D0740F7-46C4-4330-B4B0-58A41EE1401C}.Release|x64.Build.0 = Release|Any CPU
		{3D0740F7-46C4-4330-B4B0-58A41EE1401C}.Release|x86.ActiveCfg = Release|Any CPU
		{3D0740F7-46C4-4330-B4B0-58A41EE1401C}.Release|x86.Build.0 = Release|Any CPU
		{1C764767-16D2-4C01-8556-302F4E103B08}.Debug|Any CPU.ActiveCfg = Debug|Any CPU
		{1C764767-16D2-4C01-8556-302F4E103B08}.Debug|Any CPU.Build.0 = Debug|Any CPU
		{1C764767-16D2-4C01-8556-302F4E103B08}.Debug|x64.ActiveCfg = Debug|Any CPU
		{1C764767-16D2-4C01-8556-302F4E103B08}.Debug|x64.Build.0 = Debug|Any CPU
		{1C764767-16D2-4C01-8556-302F4E103B08}.Debug|x86.ActiveCfg = Debug|Any CPU
		{1C764767-16D2-4C01-8556-302F4E103B08}.Debug|x86.Build.0 = Debug|Any CPU
		{1C764767-16D2-4C01-8556-302F4E103B08}.Release|Any CPU.ActiveCfg = Release|Any CPU
		{1C764767-16D2-4C01-8556-302F4E103B08}.Release|Any CPU.Build.0 = Release|Any CPU
		{1C764767-16D2-4C01-8556-302F4E103B08}.Release|x64.ActiveCfg = Release|Any CPU
		{1C764767-16D2-4C01-8556-302F4E103B08}.Release|x64.Build.0 = Release|Any CPU
		{1C764767-16D2-4C01-8556-302F4E103B08}.Release|x86.ActiveCfg = Release|Any CPU
		{1C764767-16D2-4C01-8556-302F4E103B08}.Release|x86.Build.0 = Release|Any CPU
		{90E65C97-F7AF-4A67-9C22-CD1191CAA40A}.Debug|Any CPU.ActiveCfg = Debug|Any CPU
		{90E65C97-F7AF-4A67-9C22-CD1191CAA40A}.Debug|Any CPU.Build.0 = Debug|Any CPU
		{90E65C97-F7AF-4A67-9C22-CD1191CAA40A}.Debug|x64.ActiveCfg = Debug|Any CPU
		{90E65C97-F7AF-4A67-9C22-CD1191CAA40A}.Debug|x64.Build.0 = Debug|Any CPU
		{90E65C97-F7AF-4A67-9C22-CD1191CAA40A}.Debug|x86.ActiveCfg = Debug|Any CPU
		{90E65C97-F7AF-4A67-9C22-CD1191CAA40A}.Debug|x86.Build.0 = Debug|Any CPU
		{90E65C97-F7AF-4A67-9C22-CD1191CAA40A}.Release|Any CPU.ActiveCfg = Release|Any CPU
		{90E65C97-F7AF-4A67-9C22-CD1191CAA40A}.Release|Any CPU.Build.0 = Release|Any CPU
		{90E65C97-F7AF-4A67-9C22-CD1191CAA40A}.Release|x64.ActiveCfg = Release|Any CPU
		{90E65C97-F7AF-4A67-9C22-CD1191CAA40A}.Release|x64.Build.0 = Release|Any CPU
		{90E65C97-F7AF-4A67-9C22-CD1191CAA40A}.Release|x86.ActiveCfg = Release|Any CPU
		{90E65C97-F7AF-4A67-9C22-CD1191CAA40A}.Release|x86.Build.0 = Release|Any CPU
	EndGlobalSection
	GlobalSection(SolutionProperties) = preSolution
		HideSolutionNode = FALSE
	EndGlobalSection
EndGlobal
